# This file is automatically @generated by Cargo.
# It is not intended for manual editing.
version = 4

[[package]]
name = "crypto"
version = "0.1.0"

[[package]]
name = "protocol"
version = "0.1.0"

[[package]]
name = "relay"
version = "0.1.0"

[[package]]
name = "storage"
version = "0.1.0"

[[package]]
name = "transport"
version = "0.1.0"

[[package]]
name = "uniffi-bindings"
version = "0.1.0"

[[package]]
name = "wasm-bindings"
version = "0.1.0"
